// !$*UTF8*$!
{
	archiveVersion = 1;
	classes = {
	};
	objectVersion = 56;
	objects = {

/* Begin PBXBuildFile section */
		25655B9F297C4F8300910928 /* Herborn.ttf in Resources */ = {isa = PBXBuildFile; fileRef = 25655B9E297C4F8200910928 /* Herborn.ttf */; };
		25655BA1297C512400910928 /* Georgia.ttf in Resources */ = {isa = PBXBuildFile; fileRef = 25655BA0297C512400910928 /* Georgia.ttf */; };
		25655BA3297C5C8B00910928 /* Cochin.ttc in Resources */ = {isa = PBXBuildFile; fileRef = 25655BA2297C5C8B00910928 /* Cochin.ttc */; };
		25655BA5297DD46200910928 /* CasinoTitle.mp3 in Resources */ = {isa = PBXBuildFile; fileRef = 25655BA4297DD46100910928 /* CasinoTitle.mp3 */; };
		2578E4502964A70400A493FE /* AppDelegate.swift in Sources */ = {isa = PBXBuildFile; fileRef = 2578E44F2964A70400A493FE /* AppDelegate.swift */; };
		2578E4522964A70400A493FE /* GameScene.sks in Resources */ = {isa = PBXBuildFile; fileRef = 2578E4512964A70400A493FE /* GameScene.sks */; };
		2578E4542964A70400A493FE /* Actions.sks in Resources */ = {isa = PBXBuildFile; fileRef = 2578E4532964A70400A493FE /* Actions.sks */; };
		2578E4562964A70400A493FE /* GameScene.swift in Sources */ = {isa = PBXBuildFile; fileRef = 2578E4552964A70400A493FE /* GameScene.swift */; };
		2578E4582964A70400A493FE /* GameViewController.swift in Sources */ = {isa = PBXBuildFile; fileRef = 2578E4572964A70400A493FE /* GameViewController.swift */; };
		2578E45B2964A70400A493FE /* Main.storyboard in Resources */ = {isa = PBXBuildFile; fileRef = 2578E4592964A70400A493FE /* Main.storyboard */; };
		2578E45D2964A70600A493FE /* Assets.xcassets in Resources */ = {isa = PBXBuildFile; fileRef = 2578E45C2964A70600A493FE /* Assets.xcassets */; };
		2578E4602964A70600A493FE /* LaunchScreen.storyboard in Resources */ = {isa = PBXBuildFile; fileRef = 2578E45E2964A70600A493FE /* LaunchScreen.storyboard */; };
		2578E46A2964A70700A493FE /* CasinoTests.swift in Sources */ = {isa = PBXBuildFile; fileRef = 2578E4692964A70700A493FE /* CasinoTests.swift */; };
		2578E4742964A70700A493FE /* CasinoUITests.swift in Sources */ = {isa = PBXBuildFile; fileRef = 2578E4732964A70700A493FE /* CasinoUITests.swift */; };
		2578E4762964A70700A493FE /* CasinoUITestsLaunchTests.swift in Sources */ = {isa = PBXBuildFile; fileRef = 2578E4752964A70700A493FE /* CasinoUITestsLaunchTests.swift */; };
		2578E4832964AA3D00A493FE /* GameMenu.swift in Sources */ = {isa = PBXBuildFile; fileRef = 2578E4822964AA3D00A493FE /* GameMenu.swift */; };
		2578E4852964AAD900A493FE /* GameMenu.sks in Resources */ = {isa = PBXBuildFile; fileRef = 2578E4842964AAD900A493FE /* GameMenu.sks */; };
		2578E4872964B5DE00A493FE /* Colors.swift in Sources */ = {isa = PBXBuildFile; fileRef = 2578E4862964B5DE00A493FE /* Colors.swift */; };
		2578E4892967187500A493FE /* Card.swift in Sources */ = {isa = PBXBuildFile; fileRef = 2578E4882967187500A493FE /* Card.swift */; };
		2578E48B297874BC00A493FE /* BlackjackGame.swift in Sources */ = {isa = PBXBuildFile; fileRef = 2578E48A297874BC00A493FE /* BlackjackGame.swift */; };
		2578E48D297874D400A493FE /* BlackjackGame.sks in Resources */ = {isa = PBXBuildFile; fileRef = 2578E48C297874D400A493FE /* BlackjackGame.sks */; };
		2578E4912979C39700A493FE /* BlackjackMenu.sks in Resources */ = {isa = PBXBuildFile; fileRef = 2578E4902979C39700A493FE /* BlackjackMenu.sks */; };
		25C0FF182980595500176CB8 /* flipcard.mp3 in Resources */ = {isa = PBXBuildFile; fileRef = 25C0FF172980595500176CB8 /* flipcard.mp3 */; };
/* End PBXBuildFile section */

/* Begin PBXContainerItemProxy section */
		2578E4662964A70700A493FE /* PBXContainerItemProxy */ = {
			isa = PBXContainerItemProxy;
			containerPortal = 2578E4442964A70400A493FE /* Project object */;
			proxyType = 1;
			remoteGlobalIDString = 2578E44B2964A70400A493FE;
			remoteInfo = Casino;
		};
		2578E4702964A70700A493FE /* PBXContainerItemProxy */ = {
			isa = PBXContainerItemProxy;
			containerPortal = 2578E4442964A70400A493FE /* Project object */;
			proxyType = 1;
			remoteGlobalIDString = 2578E44B2964A70400A493FE;
			remoteInfo = Casino;
		};
/* End PBXContainerItemProxy section */

/* Begin PBXFileReference section */
		25655B9D297C4E3300910928 /* Info.plist */ = {isa = PBXFileReference; lastKnownFileType = text.plist; path = Info.plist; sourceTree = "<group>"; };
		25655B9E297C4F8200910928 /* Herborn.ttf */ = {isa = PBXFileReference; lastKnownFileType = file; path = Herborn.ttf; sourceTree = "<group>"; };
		25655BA0297C512400910928 /* Georgia.ttf */ = {isa = PBXFileReference; lastKnownFileType = file; path = Georgia.ttf; sourceTree = "<group>"; };
		25655BA2297C5C8B00910928 /* Cochin.ttc */ = {isa = PBXFileReference; lastKnownFileType = file; path = Cochin.ttc; sourceTree = "<group>"; };
		25655BA4297DD46100910928 /* CasinoTitle.mp3 */ = {isa = PBXFileReference; lastKnownFileType = audio.mp3; path = CasinoTitle.mp3; sourceTree = "<group>"; };
		2578E44C2964A70400A493FE /* Casino.app */ = {isa = PBXFileReference; explicitFileType = wrapper.application; includeInIndex = 0; path = Casino.app; sourceTree = BUILT_PRODUCTS_DIR; };
		2578E44F2964A70400A493FE /* AppDelegate.swift */ = {isa = PBXFileReference; lastKnownFileType = sourcecode.swift; path = AppDelegate.swift; sourceTree = "<group>"; };
		2578E4512964A70400A493FE /* GameScene.sks */ = {isa = PBXFileReference; lastKnownFileType = file.sks; path = GameScene.sks; sourceTree = "<group>"; };
		2578E4532964A70400A493FE /* Actions.sks */ = {isa = PBXFileReference; lastKnownFileType = file.sks; path = Actions.sks; sourceTree = "<group>"; };
		2578E4552964A70400A493FE /* GameScene.swift */ = {isa = PBXFileReference; lastKnownFileType = sourcecode.swift; path = GameScene.swift; sourceTree = "<group>"; };
		2578E4572964A70400A493FE /* GameViewController.swift */ = {isa = PBXFileReference; lastKnownFileType = sourcecode.swift; path = GameViewController.swift; sourceTree = "<group>"; };
		2578E45A2964A70400A493FE /* Base */ = {isa = PBXFileReference; lastKnownFileType = file.storyboard; name = Base; path = Base.lproj/Main.storyboard; sourceTree = "<group>"; };
		2578E45C2964A70600A493FE /* Assets.xcassets */ = {isa = PBXFileReference; lastKnownFileType = folder.assetcatalog; path = Assets.xcassets; sourceTree = "<group>"; };
		2578E45F2964A70600A493FE /* Base */ = {isa = PBXFileReference; lastKnownFileType = file.storyboard; name = Base; path = Base.lproj/LaunchScreen.storyboard; sourceTree = "<group>"; };
		2578E4652964A70700A493FE /* CasinoTests.xctest */ = {isa = PBXFileReference; explicitFileType = wrapper.cfbundle; includeInIndex = 0; path = CasinoTests.xctest; sourceTree = BUILT_PRODUCTS_DIR; };
		2578E4692964A70700A493FE /* CasinoTests.swift */ = {isa = PBXFileReference; lastKnownFileType = sourcecode.swift; path = CasinoTests.swift; sourceTree = "<group>"; };
		2578E46F2964A70700A493FE /* CasinoUITests.xctest */ = {isa = PBXFileReference; explicitFileType = wrapper.cfbundle; includeInIndex = 0; path = CasinoUITests.xctest; sourceTree = BUILT_PRODUCTS_DIR; };
		2578E4732964A70700A493FE /* CasinoUITests.swift */ = {isa = PBXFileReference; lastKnownFileType = sourcecode.swift; path = CasinoUITests.swift; sourceTree = "<group>"; };
		2578E4752964A70700A493FE /* CasinoUITestsLaunchTests.swift */ = {isa = PBXFileReference; lastKnownFileType = sourcecode.swift; path = CasinoUITestsLaunchTests.swift; sourceTree = "<group>"; };
		2578E4822964AA3D00A493FE /* GameMenu.swift */ = {isa = PBXFileReference; lastKnownFileType = sourcecode.swift; path = GameMenu.swift; sourceTree = "<group>"; };
		2578E4842964AAD900A493FE /* GameMenu.sks */ = {isa = PBXFileReference; lastKnownFileType = file.sks; path = GameMenu.sks; sourceTree = "<group>"; };
		2578E4862964B5DE00A493FE /* Colors.swift */ = {isa = PBXFileReference; lastKnownFileType = sourcecode.swift; path = Colors.swift; sourceTree = "<group>"; };
		2578E4882967187500A493FE /* Card.swift */ = {isa = PBXFileReference; lastKnownFileType = sourcecode.swift; path = Card.swift; sourceTree = "<group>"; };
		2578E48A297874BC00A493FE /* BlackjackGame.swift */ = {isa = PBXFileReference; lastKnownFileType = sourcecode.swift; path = BlackjackGame.swift; sourceTree = "<group>"; };
		2578E48C297874D400A493FE /* BlackjackGame.sks */ = {isa = PBXFileReference; lastKnownFileType = file.sks; path = BlackjackGame.sks; sourceTree = "<group>"; };
		2578E4902979C39700A493FE /* BlackjackMenu.sks */ = {isa = PBXFileReference; lastKnownFileType = file.sks; path = BlackjackMenu.sks; sourceTree = "<group>"; };
		25C0FF172980595500176CB8 /* flipcard.mp3 */ = {isa = PBXFileReference; lastKnownFileType = audio.mp3; path = flipcard.mp3; sourceTree = "<group>"; };
/* End PBXFileReference section */

/* Begin PBXFrameworksBuildPhase section */
		2578E4492964A70400A493FE /* Frameworks */ = {
			isa = PBXFrameworksBuildPhase;
			buildActionMask = 2147483647;
			files = (
			);
			runOnlyForDeploymentPostprocessing = 0;
		};
		2578E4622964A70700A493FE /* Frameworks */ = {
			isa = PBXFrameworksBuildPhase;
			buildActionMask = 2147483647;
			files = (
			);
			runOnlyForDeploymentPostprocessing = 0;
		};
		2578E46C2964A70700A493FE /* Frameworks */ = {
			isa = PBXFrameworksBuildPhase;
			buildActionMask = 2147483647;
			files = (
			);
			runOnlyForDeploymentPostprocessing = 0;
		};
/* End PBXFrameworksBuildPhase section */

/* Begin PBXGroup section */
		2578E4432964A70400A493FE = {
			isa = PBXGroup;
			children = (
				2578E44E2964A70400A493FE /* Casino */,
				2578E4682964A70700A493FE /* CasinoTests */,
				2578E4722964A70700A493FE /* CasinoUITests */,
				2578E44D2964A70400A493FE /* Products */,
			);
			sourceTree = "<group>";
		};
		2578E44D2964A70400A493FE /* Products */ = {
			isa = PBXGroup;
			children = (
				2578E44C2964A70400A493FE /* Casino.app */,
				2578E4652964A70700A493FE /* CasinoTests.xctest */,
				2578E46F2964A70700A493FE /* CasinoUITests.xctest */,
			);
			name = Products;
			sourceTree = "<group>";
		};
		2578E44E2964A70400A493FE /* Casino */ = {
			isa = PBXGroup;
			children = (
				25655B9D297C4E3300910928 /* Info.plist */,
				25C0FF19298831CD00176CB8 /* Sounds */,
				25655BA2297C5C8B00910928 /* Cochin.ttc */,
				25655B9E297C4F8200910928 /* Herborn.ttf */,
				25655BA0297C512400910928 /* Georgia.ttf */,
				2578E4862964B5DE00A493FE /* Colors.swift */,
				2578E4882967187500A493FE /* Card.swift */,
				2578E44F2964A70400A493FE /* AppDelegate.swift */,
				2578E4532964A70400A493FE /* Actions.sks */,
				2578E4552964A70400A493FE /* GameScene.swift */,
				2578E4822964AA3D00A493FE /* GameMenu.swift */,
				2578E48A297874BC00A493FE /* BlackjackGame.swift */,
				2578E4512964A70400A493FE /* GameScene.sks */,
				2578E4902979C39700A493FE /* BlackjackMenu.sks */,
				2578E48C297874D400A493FE /* BlackjackGame.sks */,
				2578E4842964AAD900A493FE /* GameMenu.sks */,
				2578E4572964A70400A493FE /* GameViewController.swift */,
				2578E4592964A70400A493FE /* Main.storyboard */,
				2578E45C2964A70600A493FE /* Assets.xcassets */,
				2578E45E2964A70600A493FE /* LaunchScreen.storyboard */,
			);
			path = Casino;
			sourceTree = "<group>";
		};
		2578E4682964A70700A493FE /* CasinoTests */ = {
			isa = PBXGroup;
			children = (
				2578E4692964A70700A493FE /* CasinoTests.swift */,
			);
			path = CasinoTests;
			sourceTree = "<group>";
		};
		2578E4722964A70700A493FE /* CasinoUITests */ = {
			isa = PBXGroup;
			children = (
				2578E4732964A70700A493FE /* CasinoUITests.swift */,
				2578E4752964A70700A493FE /* CasinoUITestsLaunchTests.swift */,
			);
			path = CasinoUITests;
			sourceTree = "<group>";
		};
		25C0FF19298831CD00176CB8 /* Sounds */ = {
			isa = PBXGroup;
			children = (
				25C0FF172980595500176CB8 /* flipcard.mp3 */,
				25655BA4297DD46100910928 /* CasinoTitle.mp3 */,
			);
			path = Sounds;
			sourceTree = "<group>";
		};
/* End PBXGroup section */

/* Begin PBXNativeTarget section */
		2578E44B2964A70400A493FE /* Casino */ = {
			isa = PBXNativeTarget;
			buildConfigurationList = 2578E4792964A70700A493FE /* Build configuration list for PBXNativeTarget "Casino" */;
			buildPhases = (
				2578E4482964A70400A493FE /* Sources */,
				2578E4492964A70400A493FE /* Frameworks */,
				2578E44A2964A70400A493FE /* Resources */,
			);
			buildRules = (
			);
			dependencies = (
			);
			name = Casino;
			productName = Casino;
			productReference = 2578E44C2964A70400A493FE /* Casino.app */;
			productType = "com.apple.product-type.application";
		};
		2578E4642964A70700A493FE /* CasinoTests */ = {
			isa = PBXNativeTarget;
			buildConfigurationList = 2578E47C2964A70700A493FE /* Build configuration list for PBXNativeTarget "CasinoTests" */;
			buildPhases = (
				2578E4612964A70700A493FE /* Sources */,
				2578E4622964A70700A493FE /* Frameworks */,
				2578E4632964A70700A493FE /* Resources */,
			);
			buildRules = (
			);
			dependencies = (
				2578E4672964A70700A493FE /* PBXTargetDependency */,
			);
			name = CasinoTests;
			productName = CasinoTests;
			productReference = 2578E4652964A70700A493FE /* CasinoTests.xctest */;
			productType = "com.apple.product-type.bundle.unit-test";
		};
		2578E46E2964A70700A493FE /* CasinoUITests */ = {
			isa = PBXNativeTarget;
			buildConfigurationList = 2578E47F2964A70700A493FE /* Build configuration list for PBXNativeTarget "CasinoUITests" */;
			buildPhases = (
				2578E46B2964A70700A493FE /* Sources */,
				2578E46C2964A70700A493FE /* Frameworks */,
				2578E46D2964A70700A493FE /* Resources */,
			);
			buildRules = (
			);
			dependencies = (
				2578E4712964A70700A493FE /* PBXTargetDependency */,
			);
			name = CasinoUITests;
			productName = CasinoUITests;
			productReference = 2578E46F2964A70700A493FE /* CasinoUITests.xctest */;
			productType = "com.apple.product-type.bundle.ui-testing";
		};
/* End PBXNativeTarget section */

/* Begin PBXProject section */
		2578E4442964A70400A493FE /* Project object */ = {
			isa = PBXProject;
			attributes = {
				BuildIndependentTargetsInParallel = 1;
				LastSwiftUpdateCheck = 1420;
				LastUpgradeCheck = 1420;
				TargetAttributes = {
					2578E44B2964A70400A493FE = {
						CreatedOnToolsVersion = 14.2;
					};
					2578E4642964A70700A493FE = {
						CreatedOnToolsVersion = 14.2;
						TestTargetID = 2578E44B2964A70400A493FE;
					};
					2578E46E2964A70700A493FE = {
						CreatedOnToolsVersion = 14.2;
						TestTargetID = 2578E44B2964A70400A493FE;
					};
				};
			};
			buildConfigurationList = 2578E4472964A70400A493FE /* Build configuration list for PBXProject "Casino" */;
			compatibilityVersion = "Xcode 14.0";
			developmentRegion = en;
			hasScannedForEncodings = 0;
			knownRegions = (
				en,
				Base,
			);
			mainGroup = 2578E4432964A70400A493FE;
			productRefGroup = 2578E44D2964A70400A493FE /* Products */;
			projectDirPath = "";
			projectRoot = "";
			targets = (
				2578E44B2964A70400A493FE /* Casino */,
				2578E4642964A70700A493FE /* CasinoTests */,
				2578E46E2964A70700A493FE /* CasinoUITests */,
			);
		};
/* End PBXProject section */

/* Begin PBXResourcesBuildPhase section */
		2578E44A2964A70400A493FE /* Resources */ = {
			isa = PBXResourcesBuildPhase;
			buildActionMask = 2147483647;
			files = (
				25655BA5297DD46200910928 /* CasinoTitle.mp3 in Resources */,
				2578E45B2964A70400A493FE /* Main.storyboard in Resources */,
				2578E4522964A70400A493FE /* GameScene.sks in Resources */,
				25655BA3297C5C8B00910928 /* Cochin.ttc in Resources */,
				2578E45D2964A70600A493FE /* Assets.xcassets in Resources */,
				25C0FF182980595500176CB8 /* flipcard.mp3 in Resources */,
				2578E4912979C39700A493FE /* BlackjackMenu.sks in Resources */,
				25655B9F297C4F8300910928 /* Herborn.ttf in Resources */,
				2578E4602964A70600A493FE /* LaunchScreen.storyboard in Resources */,
				2578E48D297874D400A493FE /* BlackjackGame.sks in Resources */,
				2578E4852964AAD900A493FE /* GameMenu.sks in Resources */,
				2578E4542964A70400A493FE /* Actions.sks in Resources */,
				25655BA1297C512400910928 /* Georgia.ttf in Resources */,
			);
			runOnlyForDeploymentPostprocessing = 0;
		};
		2578E4632964A70700A493FE /* Resources */ = {
			isa = PBXResourcesBuildPhase;
			buildActionMask = 2147483647;
			files = (
			);
			runOnlyForDeploymentPostprocessing = 0;
		};
		2578E46D2964A70700A493FE /* Resources */ = {
			isa = PBXResourcesBuildPhase;
			buildActionMask = 2147483647;
			files = (
			);
			runOnlyForDeploymentPostprocessing = 0;
		};
/* End PBXResourcesBuildPhase section */

/* Begin PBXSourcesBuildPhase section */
		2578E4482964A70400A493FE /* Sources */ = {
			isa = PBXSourcesBuildPhase;
			buildActionMask = 2147483647;
			files = (
				2578E4832964AA3D00A493FE /* GameMenu.swift in Sources */,
				2578E4892967187500A493FE /* Card.swift in Sources */,
				2578E4872964B5DE00A493FE /* Colors.swift in Sources */,
				2578E4562964A70400A493FE /* GameScene.swift in Sources */,
				2578E4582964A70400A493FE /* GameViewController.swift in Sources */,
				2578E4502964A70400A493FE /* AppDelegate.swift in Sources */,
				2578E48B297874BC00A493FE /* BlackjackGame.swift in Sources */,
			);
			runOnlyForDeploymentPostprocessing = 0;
		};
		2578E4612964A70700A493FE /* Sources */ = {
			isa = PBXSourcesBuildPhase;
			buildActionMask = 2147483647;
			files = (
				2578E46A2964A70700A493FE /* CasinoTests.swift in Sources */,
			);
			runOnlyForDeploymentPostprocessing = 0;
		};
		2578E46B2964A70700A493FE /* Sources */ = {
			isa = PBXSourcesBuildPhase;
			buildActionMask = 2147483647;
			files = (
				2578E4742964A70700A493FE /* CasinoUITests.swift in Sources */,
				2578E4762964A70700A493FE /* CasinoUITestsLaunchTests.swift in Sources */,
			);
			runOnlyForDeploymentPostprocessing = 0;
		};
/* End PBXSourcesBuildPhase section */

/* Begin PBXTargetDependency section */
		2578E4672964A70700A493FE /* PBXTargetDependency */ = {
			isa = PBXTargetDependency;
			target = 2578E44B2964A70400A493FE /* Casino */;
			targetProxy = 2578E4662964A70700A493FE /* PBXContainerItemProxy */;
		};
		2578E4712964A70700A493FE /* PBXTargetDependency */ = {
			isa = PBXTargetDependency;
			target = 2578E44B2964A70400A493FE /* Casino */;
			targetProxy = 2578E4702964A70700A493FE /* PBXContainerItemProxy */;
		};
/* End PBXTargetDependency section */

/* Begin PBXVariantGroup section */
		2578E4592964A70400A493FE /* Main.storyboard */ = {
			isa = PBXVariantGroup;
			children = (
				2578E45A2964A70400A493FE /* Base */,
			);
			name = Main.storyboard;
			sourceTree = "<group>";
		};
		2578E45E2964A70600A493FE /* LaunchScreen.storyboard */ = {
			isa = PBXVariantGroup;
			children = (
				2578E45F2964A70600A493FE /* Base */,
			);
			name = LaunchScreen.storyboard;
			sourceTree = "<group>";
		};
/* End PBXVariantGroup section */

/* Begin XCBuildConfiguration section */
		2578E4772964A70700A493FE /* Debug */ = {
			isa = XCBuildConfiguration;
			buildSettings = {
				ALWAYS_SEARCH_USER_PATHS = NO;
				CLANG_ANALYZER_NONNULL = YES;
				CLANG_ANALYZER_NUMBER_OBJECT_CONVERSION = YES_AGGRESSIVE;
				CLANG_CXX_LANGUAGE_STANDARD = "gnu++20";
				CLANG_ENABLE_MODULES = YES;
				CLANG_ENABLE_OBJC_ARC = YES;
				CLANG_ENABLE_OBJC_WEAK = YES;
				CLANG_WARN_BLOCK_CAPTURE_AUTORELEASING = YES;
				CLANG_WARN_BOOL_CONVERSION = YES;
				CLANG_WARN_COMMA = YES;
				CLANG_WARN_CONSTANT_CONVERSION = YES;
				CLANG_WARN_DEPRECATED_OBJC_IMPLEMENTATIONS = YES;
				CLANG_WARN_DIRECT_OBJC_ISA_USAGE = YES_ERROR;
				CLANG_WARN_DOCUMENTATION_COMMENTS = YES;
				CLANG_WARN_EMPTY_BODY = YES;
				CLANG_WARN_ENUM_CONVERSION = YES;
				CLANG_WARN_INFINITE_RECURSION = YES;
				CLANG_WARN_INT_CONVERSION = YES;
				CLANG_WARN_NON_LITERAL_NULL_CONVERSION = YES;
				CLANG_WARN_OBJC_IMPLICIT_RETAIN_SELF = YES;
				CLANG_WARN_OBJC_LITERAL_CONVERSION = YES;
				CLANG_WARN_OBJC_ROOT_CLASS = YES_ERROR;
				CLANG_WARN_QUOTED_INCLUDE_IN_FRAMEWORK_HEADER = YES;
				CLANG_WARN_RANGE_LOOP_ANALYSIS = YES;
				CLANG_WARN_STRICT_PROTOTYPES = YES;
				CLANG_WARN_SUSPICIOUS_MOVE = YES;
				CLANG_WARN_UNGUARDED_AVAILABILITY = YES_AGGRESSIVE;
				CLANG_WARN_UNREACHABLE_CODE = YES;
				CLANG_WARN__DUPLICATE_METHOD_MATCH = YES;
				COPY_PHASE_STRIP = NO;
				DEBUG_INFORMATION_FORMAT = dwarf;
				ENABLE_STRICT_OBJC_MSGSEND = YES;
				ENABLE_TESTABILITY = YES;
				GCC_C_LANGUAGE_STANDARD = gnu11;
				GCC_DYNAMIC_NO_PIC = NO;
				GCC_NO_COMMON_BLOCKS = YES;
				GCC_OPTIMIZATION_LEVEL = 0;
				GCC_PREPROCESSOR_DEFINITIONS = (
					"DEBUG=1",
					"$(inherited)",
				);
				GCC_WARN_64_TO_32_BIT_CONVERSION = YES;
				GCC_WARN_ABOUT_RETURN_TYPE = YES_ERROR;
				GCC_WARN_UNDECLARED_SELECTOR = YES;
				GCC_WARN_UNINITIALIZED_AUTOS = YES_AGGRESSIVE;
				GCC_WARN_UNUSED_FUNCTION = YES;
				GCC_WARN_UNUSED_VARIABLE = YES;
				IPHONEOS_DEPLOYMENT_TARGET = 16.2;
				MTL_ENABLE_DEBUG_INFO = INCLUDE_SOURCE;
				MTL_FAST_MATH = YES;
				ONLY_ACTIVE_ARCH = YES;
				SDKROOT = iphoneos;
				SWIFT_ACTIVE_COMPILATION_CONDITIONS = DEBUG;
				SWIFT_OPTIMIZATION_LEVEL = "-Onone";
			};
			name = Debug;
		};
		2578E4782964A70700A493FE /* Release */ = {
			isa = XCBuildConfiguration;
			buildSettings = {
				ALWAYS_SEARCH_USER_PATHS = NO;
				CLANG_ANALYZER_NONNULL = YES;
				CLANG_ANALYZER_NUMBER_OBJECT_CONVERSION = YES_AGGRESSIVE;
				CLANG_CXX_LANGUAGE_STANDARD = "gnu++20";
				CLANG_ENABLE_MODULES = YES;
				CLANG_ENABLE_OBJC_ARC = YES;
				CLANG_ENABLE_OBJC_WEAK = YES;
				CLANG_WARN_BLOCK_CAPTURE_AUTORELEASING = YES;
				CLANG_WARN_BOOL_CONVERSION = YES;
				CLANG_WARN_COMMA = YES;
				CLANG_WARN_CONSTANT_CONVERSION = YES;
				CLANG_WARN_DEPRECATED_OBJC_IMPLEMENTATIONS = YES;
				CLANG_WARN_DIRECT_OBJC_ISA_USAGE = YES_ERROR;
				CLANG_WARN_DOCUMENTATION_COMMENTS = YES;
				CLANG_WARN_EMPTY_BODY = YES;
				CLANG_WARN_ENUM_CONVERSION = YES;
				CLANG_WARN_INFINITE_RECURSION = YES;
				CLANG_WARN_INT_CONVERSION = YES;
				CLANG_WARN_NON_LITERAL_NULL_CONVERSION = YES;
				CLANG_WARN_OBJC_IMPLICIT_RETAIN_SELF = YES;
				CLANG_WARN_OBJC_LITERAL_CONVERSION = YES;
				CLANG_WARN_OBJC_ROOT_CLASS = YES_ERROR;
				CLANG_WARN_QUOTED_INCLUDE_IN_FRAMEWORK_HEADER = YES;
				CLANG_WARN_RANGE_LOOP_ANALYSIS = YES;
				CLANG_WARN_STRICT_PROTOTYPES = YES;
				CLANG_WARN_SUSPICIOUS_MOVE = YES;
				CLANG_WARN_UNGUARDED_AVAILABILITY = YES_AGGRESSIVE;
				CLANG_WARN_UNREACHABLE_CODE = YES;
				CLANG_WARN__DUPLICATE_METHOD_MATCH = YES;
				COPY_PHASE_STRIP = NO;
				DEBUG_INFORMATION_FORMAT = "dwarf-with-dsym";
				ENABLE_NS_ASSERTIONS = NO;
				ENABLE_STRICT_OBJC_MSGSEND = YES;
				GCC_C_LANGUAGE_STANDARD = gnu11;
				GCC_NO_COMMON_BLOCKS = YES;
				GCC_WARN_64_TO_32_BIT_CONVERSION = YES;
				GCC_WARN_ABOUT_RETURN_TYPE = YES_ERROR;
				GCC_WARN_UNDECLARED_SELECTOR = YES;
				GCC_WARN_UNINITIALIZED_AUTOS = YES_AGGRESSIVE;
				GCC_WARN_UNUSED_FUNCTION = YES;
				GCC_WARN_UNUSED_VARIABLE = YES;
				IPHONEOS_DEPLOYMENT_TARGET = 16.2;
				MTL_ENABLE_DEBUG_INFO = NO;
				MTL_FAST_MATH = YES;
				SDKROOT = iphoneos;
				SWIFT_COMPILATION_MODE = wholemodule;
				SWIFT_OPTIMIZATION_LEVEL = "-O";
				VALIDATE_PRODUCT = YES;
			};
			name = Release;
		};
		2578E47A2964A70700A493FE /* Debug */ = {
			isa = XCBuildConfiguration;
			buildSettings = {
				ASSETCATALOG_COMPILER_APPICON_NAME = AppIcon;
				ASSETCATALOG_COMPILER_GLOBAL_ACCENT_COLOR_NAME = AccentColor;
				CODE_SIGN_STYLE = Automatic;
				CURRENT_PROJECT_VERSION = 1;
				DEVELOPMENT_TEAM = 4KC7SRR2YC;
				GENERATE_INFOPLIST_FILE = YES;
				INFOPLIST_FILE = Casino/Info.plist;
				INFOPLIST_KEY_UIApplicationSupportsIndirectInputEvents = YES;
				INFOPLIST_KEY_UILaunchStoryboardName = LaunchScreen;
				INFOPLIST_KEY_UIMainStoryboardFile = Main;
				INFOPLIST_KEY_UIStatusBarHidden = YES;
				INFOPLIST_KEY_UISupportedInterfaceOrientations_iPad = "UIInterfaceOrientationPortrait UIInterfaceOrientationPortraitUpsideDown UIInterfaceOrientationLandscapeLeft UIInterfaceOrientationLandscapeRight";
				INFOPLIST_KEY_UISupportedInterfaceOrientations_iPhone = "UIInterfaceOrientationPortrait UIInterfaceOrientationLandscapeLeft UIInterfaceOrientationLandscapeRight";
				LD_RUNPATH_SEARCH_PATHS = (
					"$(inherited)",
					"@executable_path/Frameworks",
				);
				MARKETING_VERSION = 1.0;
				PRODUCT_BUNDLE_IDENTIFIER = MichaelDoughertyIOS.Casino;
				PRODUCT_NAME = "$(TARGET_NAME)";
				SWIFT_EMIT_LOC_STRINGS = YES;
				SWIFT_VERSION = 5.0;
				TARGETED_DEVICE_FAMILY = "1,2";
			};
			name = Debug;
		};
		2578E47B2964A70700A493FE /* Release */ = {
			isa = XCBuildConfiguration;
			buildSettings = {
				ASSETCATALOG_COMPILER_APPICON_NAME = AppIcon;
				ASSETCATALOG_COMPILER_GLOBAL_ACCENT_COLOR_NAME = AccentColor;
				CODE_SIGN_STYLE = Automatic;
				CURRENT_PROJECT_VERSION = 1;
				DEVELOPMENT_TEAM = 4KC7SRR2YC;
				GENERATE_INFOPLIST_FILE = YES;
				INFOPLIST_FILE = Casino/Info.plist;
				INFOPLIST_KEY_UIApplicationSupportsIndirectInputEvents = YES;
				INFOPLIST_KEY_UILaunchStoryboardName = LaunchScreen;
				INFOPLIST_KEY_UIMainStoryboardFile = Main;
				INFOPLIST_KEY_UIStatusBarHidden = YES;
				INFOPLIST_KEY_UISupportedInterfaceOrientations_iPad = "UIInterfaceOrientationPortrait UIInterfaceOrientationPortraitUpsideDown UIInterfaceOrientationLandscapeLeft UIInterfaceOrientationLandscapeRight";
				INFOPLIST_KEY_UISupportedInterfaceOrientations_iPhone = "UIInterfaceOrientationPortrait UIInterfaceOrientationLandscapeLeft UIInterfaceOrientationLandscapeRight";
				LD_RUNPATH_SEARCH_PATHS = (
					"$(inherited)",
					"@executable_path/Frameworks",
				);
				MARKETING_VERSION = 1.0;
				PRODUCT_BUNDLE_IDENTIFIER = MichaelDoughertyIOS.Casino;
				PRODUCT_NAME = "$(TARGET_NAME)";
				SWIFT_EMIT_LOC_STRINGS = YES;
				SWIFT_VERSION = 5.0;
				TARGETED_DEVICE_FAMILY = "1,2";
			};
			name = Release;
		};
		2578E47D2964A70700A493FE /* Debug */ = {
			isa = XCBuildConfiguration;
			buildSettings = {
				ALWAYS_EMBED_SWIFT_STANDARD_LIBRARIES = YES;
				BUNDLE_LOADER = "$(TEST_HOST)";
				CODE_SIGN_STYLE = Automatic;
				CURRENT_PROJECT_VERSION = 1;
				DEVELOPMENT_TEAM = 4KC7SRR2YC;
				GENERATE_INFOPLIST_FILE = YES;
				IPHONEOS_DEPLOYMENT_TARGET = 16.2;
				MARKETING_VERSION = 1.0;
				PRODUCT_BUNDLE_IDENTIFIER = MichaelDoughertyIOS.CasinoTests;
				PRODUCT_NAME = "$(TARGET_NAME)";
				SWIFT_EMIT_LOC_STRINGS = NO;
				SWIFT_VERSION = 5.0;
				TARGETED_DEVICE_FAMILY = "1,2";
				TEST_HOST = "$(BUILT_PRODUCTS_DIR)/Casino.app/$(BUNDLE_EXECUTABLE_FOLDER_PATH)/Casino";
			};
			name = Debug;
		};
		2578E47E2964A70700A493FE /* Release */ = {
			isa = XCBuildConfiguration;
			buildSettings = {
				ALWAYS_EMBED_SWIFT_STANDARD_LIBRARIES = YES;
				BUNDLE_LOADER = "$(TEST_HOST)";
				CODE_SIGN_STYLE = Automatic;
				CURRENT_PROJECT_VERSION = 1;
				DEVELOPMENT_TEAM = 4KC7SRR2YC;
				GENERATE_INFOPLIST_FILE = YES;
				IPHONEOS_DEPLOYMENT_TARGET = 16.2;
				MARKETING_VERSION = 1.0;
				PRODUCT_BUNDLE_IDENTIFIER = MichaelDoughertyIOS.CasinoTests;
				PRODUCT_NAME = "$(TARGET_NAME)";
				SWIFT_EMIT_LOC_STRINGS = NO;
				SWIFT_VERSION = 5.0;
				TARGETED_DEVICE_FAMILY = "1,2";
				TEST_HOST = "$(BUILT_PRODUCTS_DIR)/Casino.app/$(BUNDLE_EXECUTABLE_FOLDER_PATH)/Casino";
			};
			name = Release;
		};
		2578E4802964A70700A493FE /* Debug */ = {
			isa = XCBuildConfiguration;
			buildSettings = {
				ALWAYS_EMBED_SWIFT_STANDARD_LIBRARIES = YES;
				CODE_SIGN_STYLE = Automatic;
				CURRENT_PROJECT_VERSION = 1;
				DEVELOPMENT_TEAM = 4KC7SRR2YC;
				GENERATE_INFOPLIST_FILE = YES;
				MARKETING_VERSION = 1.0;
				PRODUCT_BUNDLE_IDENTIFIER = MichaelDoughertyIOS.CasinoUITests;
				PRODUCT_NAME = "$(TARGET_NAME)";
				SWIFT_EMIT_LOC_STRINGS = NO;
				SWIFT_VERSION = 5.0;
				TARGETED_DEVICE_FAMILY = "1,2";
				TEST_TARGET_NAME = Casino;
			};
			name = Debug;
		};
		2578E4812964A70700A493FE /* Release */ = {
			isa = XCBuildConfiguration;
			buildSettings = {
				ALWAYS_EMBED_SWIFT_STANDARD_LIBRARIES = YES;
				CODE_SIGN_STYLE = Automatic;
				CURRENT_PROJECT_VERSION = 1;
				DEVELOPMENT_TEAM = 4KC7SRR2YC;
				GENERATE_INFOPLIST_FILE = YES;
				MARKETING_VERSION = 1.0;
				PRODUCT_BUNDLE_IDENTIFIER = MichaelDoughertyIOS.CasinoUITests;
				PRODUCT_NAME = "$(TARGET_NAME)";
				SWIFT_EMIT_LOC_STRINGS = NO;
				SWIFT_VERSION = 5.0;
				TARGETED_DEVICE_FAMILY = "1,2";
				TEST_TARGET_NAME = Casino;
			};
			name = Release;
		};
/* End XCBuildConfiguration section */

/* Begin XCConfigurationList section */
		2578E4472964A70400A493FE /* Build configuration list for PBXProject "Casino" */ = {
			isa = XCConfigurationList;
			buildConfigurations = (
				2578E4772964A70700A493FE /* Debug */,
				2578E4782964A70700A493FE /* Release */,
			);
			defaultConfigurationIsVisible = 0;
			defaultConfigurationName = Release;
		};
		2578E4792964A70700A493FE /* Build configuration list for PBXNativeTarget "Casino" */ = {
			isa = XCConfigurationList;
			buildConfigurations = (
				2578E47A2964A70700A493FE /* Debug */,
				2578E47B2964A70700A493FE /* Release */,
			);
			defaultConfigurationIsVisible = 0;
			defaultConfigurationName = Release;
		};
		2578E47C2964A70700A493FE /* Build configuration list for PBXNativeTarget "CasinoTests" */ = {
			isa = XCConfigurationList;
			buildConfigurations = (
				2578E47D2964A70700A493FE /* Debug */,
				2578E47E2964A70700A493FE /* Release */,
			);
			defaultConfigurationIsVisible = 0;
			defaultConfigurationName = Release;
		};
		2578E47F2964A70700A493FE /* Build configuration list for PBXNativeTarget "CasinoUITests" */ = {
			isa = XCConfigurationList;
			buildConfigurations = (
				2578E4802964A70700A493FE /* Debug */,
				2578E4812964A70700A493FE /* Release */,
			);
			defaultConfigurationIsVisible = 0;
			defaultConfigurationName = Release;
		};
/* End XCConfigurationList section */
	};
	rootObject = 2578E4442964A70400A493FE /* Project object */;
}
